
Microsoft Visual Studio Solution File, Format Version 12.00
# Visual Studio Version 17
VisualStudioVersion = 17.14.36518.9 d17.14
MinimumVisualStudioVersion = 10.0.40219.1
Project("{FAE04EC0-301F-11D3-BF4B-00C04F79EFBC}") = "WpfApp1", "WpfApp1\WpfApp1.csproj", "{AD29AE27-A932-4063-8477-ECEADDFA7FCD}"
EndProject
Global
	GlobalSection(SolutionConfigurationPlatforms) = preSolution
		Debug|Any CPU = Debug|Any CPU
		Release|Any CPU = Release|Any CPU
	EndGlobalSection
	GlobalSection(ProjectConfigurationPlatforms) = postSolution
		{AD29AE27-A932-4063-8477-ECEADDFA7FCD}.Debug|Any CPU.ActiveCfg = Debug|Any CPU
		{AD29AE27-A932-4063-8477-ECEADDFA7FCD}.Debug|Any CPU.Build.0 = Debug|Any CPU
		{AD29AE27-A932-4063-8477-ECEADDFA7FCD}.Release|Any CPU.ActiveCfg = Release|Any CPU
		{AD29AE27-A932-4063-8477-ECEADDFA7FCD}.Release|Any CPU.Build.0 = Release|Any CPU
	EndGlobalSection
	GlobalSection(SolutionProperties) = preSolution
		HideSolutionNode = FALSE
	EndGlobalSection
	GlobalSection(ExtensibilityGlobals) = postSolution
		SolutionGuid = {4B779F94-7C3D-4A6D-9DA9-62B56AA06F32}
	EndGlobalSection
EndGlobal
